lockVersion: 2.0.0
id: 5a8dbcbc-e0ee-41f0-9d84-b8b50567d1e9
management:
  docChecksum: 94439465ae5d544f0e52b00719af05ee
  docVersion: 0.0.3
  speakeasyVersion: internal
  generationVersion: 2.245.1
  releaseVersion: 0.2.0
  configChecksum: f7a9a333191629c8c47ff38f79e64ff0
  repoURL: https://github.com/LukeHagar/plexcsharp.git
  repoSubDirectory: .
  published: true
features:
  csharp:
    core: 3.3.1
    flattening: 2.81.1
    globalSecurity: 2.82.0
    globalServerURLs: 2.82.2
    methodServerURLs: 2.82.1
    nameOverrides: 2.81.1
generatedFiles:
  - PlexAPI/Server.cs
  - PlexAPI/Media.cs
  - PlexAPI/Activities.cs
  - PlexAPI/Butler.cs
  - PlexAPI/Hubs.cs
  - PlexAPI/Search.cs
  - PlexAPI/Library.cs
  - PlexAPI/Log.cs
  - PlexAPI/Tv.cs
  - PlexAPI/Plex.cs
  - PlexAPI/Playlists.cs
  - PlexAPI/Security.cs
  - PlexAPI/Sessions.cs
  - PlexAPI/Updater.cs
  - PlexAPI/Video.cs
  - PlexAPI/PlexAPISDK.cs
  - PlexAPI/Utils/BigIntSerializer.cs
  - PlexAPI/Utils/DecimalSerializer.cs
  - PlexAPI/Utils/EnumSerializer.cs
  - PlexAPI/Utils/FlexibleObjectDeserializer.cs
  - PlexAPI/Utils/HeaderSerializer.cs
  - PlexAPI/Utils/IsoDateTimeSerializer.cs
  - PlexAPI/Utils/RequestBodySerializer.cs
  - PlexAPI/Utils/SecuritySerializer.cs
  - PlexAPI/Utils/SpeakeasyHttpClient.cs
  - PlexAPI/Utils/SpeakeasyMetadata.cs
  - PlexAPI/Utils/URLBuilder.cs
  - PlexAPI/Utils/Utilities.cs
  - PlexAPI/PlexAPI.csproj
  - PlexAPI.sln
  - PlexAPI/Models/Requests/Errors.cs
  - PlexAPI/Models/Requests/GetServerCapabilitiesServerResponseBody.cs
  - PlexAPI/Models/Requests/Directory.cs
  - PlexAPI/Models/Requests/MediaContainer.cs
  - PlexAPI/Models/Requests/GetServerCapabilitiesResponseBody.cs
  - PlexAPI/Models/Requests/GetServerCapabilitiesResponse.cs
  - PlexAPI/Models/Requests/GetServerPreferencesErrors.cs
  - PlexAPI/Models/Requests/GetServerPreferencesServerResponseBody.cs
  - PlexAPI/Models/Requests/GetServerPreferencesMediaContainer.cs
  - PlexAPI/Models/Requests/GetServerPreferencesResponseBody.cs
  - PlexAPI/Models/Requests/GetServerPreferencesResponse.cs
  - PlexAPI/Models/Requests/GetAvailableClientsErrors.cs
  - PlexAPI/Models/Requests/GetAvailableClientsServerResponseBody.cs
  - PlexAPI/Models/Requests/Server.cs
  - PlexAPI/Models/Requests/GetAvailableClientsMediaContainer.cs
  - PlexAPI/Models/Requests/GetAvailableClientsResponseBody.cs
  - PlexAPI/Models/Requests/GetAvailableClientsResponse.cs
  - PlexAPI/Models/Requests/GetDevicesErrors.cs
  - PlexAPI/Models/Requests/GetDevicesServerResponseBody.cs
  - PlexAPI/Models/Requests/Device.cs
  - PlexAPI/Models/Requests/GetDevicesMediaContainer.cs
  - PlexAPI/Models/Requests/GetDevicesResponseBody.cs
  - PlexAPI/Models/Requests/GetDevicesResponse.cs
  - PlexAPI/Models/Requests/GetServerIdentityErrors.cs
  - PlexAPI/Models/Requests/GetServerIdentityServerResponseBody.cs
  - PlexAPI/Models/Requests/GetServerIdentityMediaContainer.cs
  - PlexAPI/Models/Requests/GetServerIdentityResponseBody.cs
  - PlexAPI/Models/Requests/GetServerIdentityResponse.cs
  - PlexAPI/Models/Requests/GetMyPlexAccountErrors.cs
  - PlexAPI/Models/Requests/GetMyPlexAccountServerResponseBody.cs
  - PlexAPI/Models/Requests/MyPlex.cs
  - PlexAPI/Models/Requests/GetMyPlexAccountResponseBody.cs
  - PlexAPI/Models/Requests/GetMyPlexAccountResponse.cs
  - PlexAPI/Models/Requests/MinSize.cs
  - PlexAPI/Models/Requests/Upscale.cs
  - PlexAPI/Models/Requests/GetResizedPhotoRequest.cs
  - PlexAPI/Models/Requests/GetResizedPhotoErrors.cs
  - PlexAPI/Models/Requests/GetResizedPhotoResponseBody.cs
  - PlexAPI/Models/Requests/GetResizedPhotoResponse.cs
  - PlexAPI/Models/Requests/GetServerListErrors.cs
  - PlexAPI/Models/Requests/GetServerListServerResponseBody.cs
  - PlexAPI/Models/Requests/GetServerListServer.cs
  - PlexAPI/Models/Requests/GetServerListMediaContainer.cs
  - PlexAPI/Models/Requests/GetServerListResponseBody.cs
  - PlexAPI/Models/Requests/GetServerListResponse.cs
  - PlexAPI/Models/Requests/MarkPlayedRequest.cs
  - PlexAPI/Models/Requests/MarkPlayedErrors.cs
  - PlexAPI/Models/Requests/MarkPlayedResponseBody.cs
  - PlexAPI/Models/Requests/MarkPlayedResponse.cs
  - PlexAPI/Models/Requests/MarkUnplayedRequest.cs
  - PlexAPI/Models/Requests/MarkUnplayedErrors.cs
  - PlexAPI/Models/Requests/MarkUnplayedResponseBody.cs
  - PlexAPI/Models/Requests/MarkUnplayedResponse.cs
  - PlexAPI/Models/Requests/UpdatePlayProgressRequest.cs
  - PlexAPI/Models/Requests/UpdatePlayProgressErrors.cs
  - PlexAPI/Models/Requests/UpdatePlayProgressResponseBody.cs
  - PlexAPI/Models/Requests/UpdatePlayProgressResponse.cs
  - PlexAPI/Models/Requests/GetServerActivitiesErrors.cs
  - PlexAPI/Models/Requests/GetServerActivitiesActivitiesResponseBody.cs
  - PlexAPI/Models/Requests/Context.cs
  - PlexAPI/Models/Requests/Activity.cs
  - PlexAPI/Models/Requests/GetServerActivitiesMediaContainer.cs
  - PlexAPI/Models/Requests/GetServerActivitiesResponseBody.cs
  - PlexAPI/Models/Requests/GetServerActivitiesResponse.cs
  - PlexAPI/Models/Requests/CancelServerActivitiesRequest.cs
  - PlexAPI/Models/Requests/CancelServerActivitiesErrors.cs
  - PlexAPI/Models/Requests/CancelServerActivitiesResponseBody.cs
  - PlexAPI/Models/Requests/CancelServerActivitiesResponse.cs
  - PlexAPI/Models/Requests/GetButlerTasksErrors.cs
  - PlexAPI/Models/Requests/GetButlerTasksButlerResponseBody.cs
  - PlexAPI/Models/Requests/ButlerTask.cs
  - PlexAPI/Models/Requests/ButlerTasks.cs
  - PlexAPI/Models/Requests/GetButlerTasksResponseBody.cs
  - PlexAPI/Models/Requests/GetButlerTasksResponse.cs
  - PlexAPI/Models/Requests/StartAllTasksErrors.cs
  - PlexAPI/Models/Requests/StartAllTasksResponseBody.cs
  - PlexAPI/Models/Requests/StartAllTasksResponse.cs
  - PlexAPI/Models/Requests/StopAllTasksErrors.cs
  - PlexAPI/Models/Requests/StopAllTasksResponseBody.cs
  - PlexAPI/Models/Requests/StopAllTasksResponse.cs
  - PlexAPI/Models/Requests/TaskName.cs
  - PlexAPI/Models/Requests/StartTaskRequest.cs
  - PlexAPI/Models/Requests/StartTaskErrors.cs
  - PlexAPI/Models/Requests/StartTaskResponseBody.cs
  - PlexAPI/Models/Requests/StartTaskResponse.cs
  - PlexAPI/Models/Requests/PathParamTaskName.cs
  - PlexAPI/Models/Requests/StopTaskRequest.cs
  - PlexAPI/Models/Requests/StopTaskErrors.cs
  - PlexAPI/Models/Requests/StopTaskResponseBody.cs
  - PlexAPI/Models/Requests/StopTaskResponse.cs
  - PlexAPI/Models/Requests/OnlyTransient.cs
  - PlexAPI/Models/Requests/GetGlobalHubsRequest.cs
  - PlexAPI/Models/Requests/GetGlobalHubsErrors.cs
  - PlexAPI/Models/Requests/GetGlobalHubsHubsResponseBody.cs
  - PlexAPI/Models/Requests/GetGlobalHubsMetadata.cs
  - PlexAPI/Models/Requests/Hub.cs
  - PlexAPI/Models/Requests/GetGlobalHubsMediaContainer.cs
  - PlexAPI/Models/Requests/GetGlobalHubsResponseBody.cs
  - PlexAPI/Models/Requests/GetGlobalHubsResponse.cs
  - PlexAPI/Models/Requests/QueryParamOnlyTransient.cs
  - PlexAPI/Models/Requests/GetLibraryHubsRequest.cs
  - PlexAPI/Models/Requests/GetLibraryHubsErrors.cs
  - PlexAPI/Models/Requests/GetLibraryHubsHubsResponseBody.cs
  - PlexAPI/Models/Requests/GetLibraryHubsPart.cs
  - PlexAPI/Models/Requests/GetLibraryHubsMedia.cs
  - PlexAPI/Models/Requests/GetLibraryHubsGenre.cs
  - PlexAPI/Models/Requests/GetLibraryHubsCountry.cs
  - PlexAPI/Models/Requests/GetLibraryHubsDirector.cs
  - PlexAPI/Models/Requests/GetLibraryHubsRole.cs
  - PlexAPI/Models/Requests/GetLibraryHubsWriter.cs
  - PlexAPI/Models/Requests/GetLibraryHubsMetadata.cs
  - PlexAPI/Models/Requests/GetLibraryHubsHub.cs
  - PlexAPI/Models/Requests/GetLibraryHubsMediaContainer.cs
  - PlexAPI/Models/Requests/GetLibraryHubsResponseBody.cs
  - PlexAPI/Models/Requests/GetLibraryHubsResponse.cs
  - PlexAPI/Models/Requests/PerformSearchRequest.cs
  - PlexAPI/Models/Requests/PerformSearchErrors.cs
  - PlexAPI/Models/Requests/PerformSearchResponseBody.cs
  - PlexAPI/Models/Requests/PerformSearchResponse.cs
  - PlexAPI/Models/Requests/PerformVoiceSearchRequest.cs
  - PlexAPI/Models/Requests/PerformVoiceSearchErrors.cs
  - PlexAPI/Models/Requests/PerformVoiceSearchResponseBody.cs
  - PlexAPI/Models/Requests/PerformVoiceSearchResponse.cs
  - PlexAPI/Models/Requests/GetSearchResultsRequest.cs
  - PlexAPI/Models/Requests/GetSearchResultsErrors.cs
  - PlexAPI/Models/Requests/GetSearchResultsSearchResponseBody.cs
  - PlexAPI/Models/Requests/GetSearchResultsPart.cs
  - PlexAPI/Models/Requests/GetSearchResultsMedia.cs
  - PlexAPI/Models/Requests/GetSearchResultsGenre.cs
  - PlexAPI/Models/Requests/GetSearchResultsDirector.cs
  - PlexAPI/Models/Requests/GetSearchResultsWriter.cs
  - PlexAPI/Models/Requests/GetSearchResultsCountry.cs
  - PlexAPI/Models/Requests/GetSearchResultsRole.cs
  - PlexAPI/Models/Requests/GetSearchResultsMetadata.cs
  - PlexAPI/Models/Requests/Provider.cs
  - PlexAPI/Models/Requests/GetSearchResultsMediaContainer.cs
  - PlexAPI/Models/Requests/GetSearchResultsResponseBody.cs
  - PlexAPI/Models/Requests/GetSearchResultsResponse.cs
  - PlexAPI/Models/Requests/GetFileHashRequest.cs
  - PlexAPI/Models/Requests/GetFileHashErrors.cs
  - PlexAPI/Models/Requests/GetFileHashResponseBody.cs
  - PlexAPI/Models/Requests/GetFileHashResponse.cs
  - PlexAPI/Models/Requests/GetRecentlyAddedErrors.cs
  - PlexAPI/Models/Requests/GetRecentlyAddedLibraryResponseBody.cs
  - PlexAPI/Models/Requests/Part.cs
  - PlexAPI/Models/Requests/Media.cs
  - PlexAPI/Models/Requests/Genre.cs
  - PlexAPI/Models/Requests/Director.cs
  - PlexAPI/Models/Requests/Writer.cs
  - PlexAPI/Models/Requests/Country.cs
  - PlexAPI/Models/Requests/Role.cs
  - PlexAPI/Models/Requests/Metadata.cs
  - PlexAPI/Models/Requests/GetRecentlyAddedMediaContainer.cs
  - PlexAPI/Models/Requests/GetRecentlyAddedResponseBody.cs
  - PlexAPI/Models/Requests/GetRecentlyAddedResponse.cs
  - PlexAPI/Models/Requests/GetLibrariesErrors.cs
  - PlexAPI/Models/Requests/GetLibrariesLibraryResponseBody.cs
  - PlexAPI/Models/Requests/GetLibrariesLocation.cs
  - PlexAPI/Models/Requests/GetLibrariesDirectory.cs
  - PlexAPI/Models/Requests/GetLibrariesMediaContainer.cs
  - PlexAPI/Models/Requests/GetLibrariesResponseBody.cs
  - PlexAPI/Models/Requests/GetLibrariesResponse.cs
  - PlexAPI/Models/Requests/IncludeDetails.cs
  - PlexAPI/Models/Requests/GetLibraryRequest.cs
  - PlexAPI/Models/Requests/GetLibraryErrors.cs
  - PlexAPI/Models/Requests/GetLibraryLibraryResponseBody.cs
  - PlexAPI/Models/Requests/GetLibraryDirectory.cs
  - PlexAPI/Models/Requests/Filter.cs
  - PlexAPI/Models/Requests/Sort.cs
  - PlexAPI/Models/Requests/Field.cs
  - PlexAPI/Models/Requests/GetLibraryType.cs
  - PlexAPI/Models/Requests/Operator.cs
  - PlexAPI/Models/Requests/FieldType.cs
  - PlexAPI/Models/Requests/GetLibraryMediaContainer.cs
  - PlexAPI/Models/Requests/GetLibraryResponseBody.cs
  - PlexAPI/Models/Requests/GetLibraryResponse.cs
  - PlexAPI/Models/Requests/DeleteLibraryRequest.cs
  - PlexAPI/Models/Requests/DeleteLibraryErrors.cs
  - PlexAPI/Models/Requests/DeleteLibraryResponseBody.cs
  - PlexAPI/Models/Requests/DeleteLibraryResponse.cs
  - PlexAPI/Models/Requests/Tag.cs
  - PlexAPI/Models/Requests/GetLibraryItemsRequest.cs
  - PlexAPI/Models/Requests/GetLibraryItemsPart.cs
  - PlexAPI/Models/Requests/GetLibraryItemsMedia.cs
  - PlexAPI/Models/Requests/GetLibraryItemsGenre.cs
  - PlexAPI/Models/Requests/GetLibraryItemsCountry.cs
  - PlexAPI/Models/Requests/GetLibraryItemsDirector.cs
  - PlexAPI/Models/Requests/GetLibraryItemsWriter.cs
  - PlexAPI/Models/Requests/GetLibraryItemsRole.cs
  - PlexAPI/Models/Requests/GetLibraryItemsMetadata.cs
  - PlexAPI/Models/Requests/GetLibraryItemsMediaContainer.cs
  - PlexAPI/Models/Requests/GetLibraryItemsResponseBody.cs
  - PlexAPI/Models/Requests/GetLibraryItemsResponse.cs
  - PlexAPI/Models/Requests/RefreshLibraryRequest.cs
  - PlexAPI/Models/Requests/RefreshLibraryErrors.cs
  - PlexAPI/Models/Requests/RefreshLibraryResponseBody.cs
  - PlexAPI/Models/Requests/RefreshLibraryResponse.cs
  - PlexAPI/Models/Requests/Type.cs
  - PlexAPI/Models/Requests/SearchLibraryRequest.cs
  - PlexAPI/Models/Requests/SearchLibraryMetadata.cs
  - PlexAPI/Models/Requests/SearchLibraryMediaContainer.cs
  - PlexAPI/Models/Requests/SearchLibraryResponseBody.cs
  - PlexAPI/Models/Requests/SearchLibraryResponse.cs
  - PlexAPI/Models/Requests/GetMetadataRequest.cs
  - PlexAPI/Models/Requests/GetMetadataErrors.cs
  - PlexAPI/Models/Requests/GetMetadataLibraryResponseBody.cs
  - PlexAPI/Models/Requests/Stream.cs
  - PlexAPI/Models/Requests/GetMetadataPart.cs
  - PlexAPI/Models/Requests/GetMetadataMedia.cs
  - PlexAPI/Models/Requests/GetMetadataGenre.cs
  - PlexAPI/Models/Requests/GetMetadataCountry.cs
  - PlexAPI/Models/Requests/Guids.cs
  - PlexAPI/Models/Requests/Ratings.cs
  - PlexAPI/Models/Requests/GetMetadataDirector.cs
  - PlexAPI/Models/Requests/GetMetadataWriter.cs
  - PlexAPI/Models/Requests/GetMetadataRole.cs
  - PlexAPI/Models/Requests/Producer.cs
  - PlexAPI/Models/Requests/GetMetadataMetadata.cs
  - PlexAPI/Models/Requests/GetMetadataMediaContainer.cs
  - PlexAPI/Models/Requests/GetMetadataResponseBody.cs
  - PlexAPI/Models/Requests/GetMetadataResponse.cs
  - PlexAPI/Models/Requests/GetMetadataChildrenRequest.cs
  - PlexAPI/Models/Requests/GetMetadataChildrenErrors.cs
  - PlexAPI/Models/Requests/GetMetadataChildrenLibraryResponseBody.cs
  - PlexAPI/Models/Requests/GetMetadataChildrenDirectory.cs
  - PlexAPI/Models/Requests/GetMetadataChildrenMetadata.cs
  - PlexAPI/Models/Requests/GetMetadataChildrenMediaContainer.cs
  - PlexAPI/Models/Requests/GetMetadataChildrenResponseBody.cs
  - PlexAPI/Models/Requests/GetMetadataChildrenResponse.cs
  - PlexAPI/Models/Requests/GetOnDeckErrors.cs
  - PlexAPI/Models/Requests/GetOnDeckLibraryResponseBody.cs
  - PlexAPI/Models/Requests/GetOnDeckStream.cs
  - PlexAPI/Models/Requests/GetOnDeckPart.cs
  - PlexAPI/Models/Requests/GetOnDeckMedia.cs
  - PlexAPI/Models/Requests/GetOnDeckGuids.cs
  - PlexAPI/Models/Requests/GetOnDeckMetadata.cs
  - PlexAPI/Models/Requests/GetOnDeckMediaContainer.cs
  - PlexAPI/Models/Requests/GetOnDeckResponseBody.cs
  - PlexAPI/Models/Requests/GetOnDeckResponse.cs
  - PlexAPI/Models/Requests/Level.cs
  - PlexAPI/Models/Requests/LogLineRequest.cs
  - PlexAPI/Models/Requests/LogLineErrors.cs
  - PlexAPI/Models/Requests/LogLineResponseBody.cs
  - PlexAPI/Models/Requests/LogLineResponse.cs
  - PlexAPI/Models/Requests/LogMultiLineErrors.cs
  - PlexAPI/Models/Requests/LogMultiLineResponseBody.cs
  - PlexAPI/Models/Requests/LogMultiLineResponse.cs
  - PlexAPI/Models/Requests/EnablePaperTrailErrors.cs
  - PlexAPI/Models/Requests/EnablePaperTrailResponseBody.cs
  - PlexAPI/Models/Requests/EnablePaperTrailResponse.cs
  - PlexAPI/Models/Requests/GetPinRequest.cs
  - PlexAPI/Models/Requests/GetPinErrors.cs
  - PlexAPI/Models/Requests/GetPinPlexTvResponseBody.cs
  - PlexAPI/Models/Requests/Location.cs
  - PlexAPI/Models/Requests/GetPinResponseBody.cs
  - PlexAPI/Models/Requests/GetPinResponse.cs
  - PlexAPI/Models/Requests/GetTokenRequest.cs
  - PlexAPI/Models/Requests/GetTokenErrors.cs
  - PlexAPI/Models/Requests/GetTokenResponseBody.cs
  - PlexAPI/Models/Requests/GetTokenResponse.cs
  - PlexAPI/Models/Requests/QueryParamType.cs
  - PlexAPI/Models/Requests/Smart.cs
  - PlexAPI/Models/Requests/CreatePlaylistRequest.cs
  - PlexAPI/Models/Requests/CreatePlaylistErrors.cs
  - PlexAPI/Models/Requests/CreatePlaylistPlaylistsResponseBody.cs
  - PlexAPI/Models/Requests/CreatePlaylistMetadata.cs
  - PlexAPI/Models/Requests/CreatePlaylistMediaContainer.cs
  - PlexAPI/Models/Requests/CreatePlaylistResponseBody.cs
  - PlexAPI/Models/Requests/CreatePlaylistResponse.cs
  - PlexAPI/Models/Requests/PlaylistType.cs
  - PlexAPI/Models/Requests/QueryParamSmart.cs
  - PlexAPI/Models/Requests/GetPlaylistsRequest.cs
  - PlexAPI/Models/Requests/GetPlaylistsErrors.cs
  - PlexAPI/Models/Requests/GetPlaylistsPlaylistsResponseBody.cs
  - PlexAPI/Models/Requests/GetPlaylistsMetadata.cs
  - PlexAPI/Models/Requests/GetPlaylistsMediaContainer.cs
  - PlexAPI/Models/Requests/GetPlaylistsResponseBody.cs
  - PlexAPI/Models/Requests/GetPlaylistsResponse.cs
  - PlexAPI/Models/Requests/GetPlaylistRequest.cs
  - PlexAPI/Models/Requests/GetPlaylistErrors.cs
  - PlexAPI/Models/Requests/GetPlaylistPlaylistsResponseBody.cs
  - PlexAPI/Models/Requests/GetPlaylistMetadata.cs
  - PlexAPI/Models/Requests/GetPlaylistMediaContainer.cs
  - PlexAPI/Models/Requests/GetPlaylistResponseBody.cs
  - PlexAPI/Models/Requests/GetPlaylistResponse.cs
  - PlexAPI/Models/Requests/DeletePlaylistRequest.cs
  - PlexAPI/Models/Requests/DeletePlaylistErrors.cs
  - PlexAPI/Models/Requests/DeletePlaylistResponseBody.cs
  - PlexAPI/Models/Requests/DeletePlaylistResponse.cs
  - PlexAPI/Models/Requests/UpdatePlaylistRequest.cs
  - PlexAPI/Models/Requests/UpdatePlaylistErrors.cs
  - PlexAPI/Models/Requests/UpdatePlaylistResponseBody.cs
  - PlexAPI/Models/Requests/UpdatePlaylistResponse.cs
  - PlexAPI/Models/Requests/GetPlaylistContentsRequest.cs
  - PlexAPI/Models/Requests/GetPlaylistContentsErrors.cs
  - PlexAPI/Models/Requests/GetPlaylistContentsPlaylistsResponseBody.cs
  - PlexAPI/Models/Requests/GetPlaylistContentsPart.cs
  - PlexAPI/Models/Requests/GetPlaylistContentsMedia.cs
  - PlexAPI/Models/Requests/GetPlaylistContentsGenre.cs
  - PlexAPI/Models/Requests/GetPlaylistContentsCountry.cs
  - PlexAPI/Models/Requests/GetPlaylistContentsDirector.cs
  - PlexAPI/Models/Requests/GetPlaylistContentsWriter.cs
  - PlexAPI/Models/Requests/GetPlaylistContentsRole.cs
  - PlexAPI/Models/Requests/GetPlaylistContentsMetadata.cs
  - PlexAPI/Models/Requests/GetPlaylistContentsMediaContainer.cs
  - PlexAPI/Models/Requests/GetPlaylistContentsResponseBody.cs
  - PlexAPI/Models/Requests/GetPlaylistContentsResponse.cs
  - PlexAPI/Models/Requests/ClearPlaylistContentsRequest.cs
  - PlexAPI/Models/Requests/ClearPlaylistContentsErrors.cs
  - PlexAPI/Models/Requests/ClearPlaylistContentsResponseBody.cs
  - PlexAPI/Models/Requests/ClearPlaylistContentsResponse.cs
  - PlexAPI/Models/Requests/AddPlaylistContentsRequest.cs
  - PlexAPI/Models/Requests/AddPlaylistContentsErrors.cs
  - PlexAPI/Models/Requests/AddPlaylistContentsPlaylistsResponseBody.cs
  - PlexAPI/Models/Requests/AddPlaylistContentsMetadata.cs
  - PlexAPI/Models/Requests/AddPlaylistContentsMediaContainer.cs
  - PlexAPI/Models/Requests/AddPlaylistContentsResponseBody.cs
  - PlexAPI/Models/Requests/AddPlaylistContentsResponse.cs
  - PlexAPI/Models/Requests/Force.cs
  - PlexAPI/Models/Requests/UploadPlaylistRequest.cs
  - PlexAPI/Models/Requests/UploadPlaylistErrors.cs
  - PlexAPI/Models/Requests/UploadPlaylistResponseBody.cs
  - PlexAPI/Models/Requests/UploadPlaylistResponse.cs
  - PlexAPI/Models/Requests/GetTransientTokenQueryParamType.cs
  - PlexAPI/Models/Requests/Scope.cs
  - PlexAPI/Models/Requests/GetTransientTokenRequest.cs
  - PlexAPI/Models/Requests/GetTransientTokenErrors.cs
  - PlexAPI/Models/Requests/GetTransientTokenResponseBody.cs
  - PlexAPI/Models/Requests/GetTransientTokenResponse.cs
  - PlexAPI/Models/Requests/GetSourceConnectionInformationRequest.cs
  - PlexAPI/Models/Requests/GetSourceConnectionInformationErrors.cs
  - PlexAPI/Models/Requests/GetSourceConnectionInformationResponseBody.cs
  - PlexAPI/Models/Requests/GetSourceConnectionInformationResponse.cs
  - PlexAPI/Models/Requests/GetSessionsErrors.cs
  - PlexAPI/Models/Requests/GetSessionsSessionsResponseBody.cs
  - PlexAPI/Models/Requests/GetSessionsStream.cs
  - PlexAPI/Models/Requests/GetSessionsPart.cs
  - PlexAPI/Models/Requests/GetSessionsMedia.cs
  - PlexAPI/Models/Requests/User.cs
  - PlexAPI/Models/Requests/Player.cs
  - PlexAPI/Models/Requests/Session.cs
  - PlexAPI/Models/Requests/GetSessionsMetadata.cs
  - PlexAPI/Models/Requests/GetSessionsMediaContainer.cs
  - PlexAPI/Models/Requests/GetSessionsResponseBody.cs
  - PlexAPI/Models/Requests/GetSessionsResponse.cs
  - PlexAPI/Models/Requests/GetSessionHistoryErrors.cs
  - PlexAPI/Models/Requests/GetSessionHistorySessionsResponseBody.cs
  - PlexAPI/Models/Requests/GetSessionHistoryMetadata.cs
  - PlexAPI/Models/Requests/GetSessionHistoryMediaContainer.cs
  - PlexAPI/Models/Requests/GetSessionHistoryResponseBody.cs
  - PlexAPI/Models/Requests/GetSessionHistoryResponse.cs
  - PlexAPI/Models/Requests/GetTranscodeSessionsErrors.cs
  - PlexAPI/Models/Requests/GetTranscodeSessionsSessionsResponseBody.cs
  - PlexAPI/Models/Requests/TranscodeSession.cs
  - PlexAPI/Models/Requests/GetTranscodeSessionsMediaContainer.cs
  - PlexAPI/Models/Requests/GetTranscodeSessionsResponseBody.cs
  - PlexAPI/Models/Requests/GetTranscodeSessionsResponse.cs
  - PlexAPI/Models/Requests/StopTranscodeSessionRequest.cs
  - PlexAPI/Models/Requests/StopTranscodeSessionErrors.cs
  - PlexAPI/Models/Requests/StopTranscodeSessionResponseBody.cs
  - PlexAPI/Models/Requests/StopTranscodeSessionResponse.cs
  - PlexAPI/Models/Requests/GetUpdateStatusErrors.cs
  - PlexAPI/Models/Requests/GetUpdateStatusUpdaterResponseBody.cs
  - PlexAPI/Models/Requests/Release.cs
  - PlexAPI/Models/Requests/GetUpdateStatusMediaContainer.cs
  - PlexAPI/Models/Requests/GetUpdateStatusResponseBody.cs
  - PlexAPI/Models/Requests/GetUpdateStatusResponse.cs
  - PlexAPI/Models/Requests/Download.cs
  - PlexAPI/Models/Requests/CheckForUpdatesRequest.cs
  - PlexAPI/Models/Requests/CheckForUpdatesErrors.cs
  - PlexAPI/Models/Requests/CheckForUpdatesResponseBody.cs
  - PlexAPI/Models/Requests/CheckForUpdatesResponse.cs
  - PlexAPI/Models/Requests/Tonight.cs
  - PlexAPI/Models/Requests/Skip.cs
  - PlexAPI/Models/Requests/ApplyUpdatesRequest.cs
  - PlexAPI/Models/Requests/ApplyUpdatesErrors.cs
  - PlexAPI/Models/Requests/ApplyUpdatesResponseBody.cs
  - PlexAPI/Models/Requests/ApplyUpdatesResponse.cs
  - PlexAPI/Models/Requests/StartUniversalTranscodeRequest.cs
  - PlexAPI/Models/Requests/StartUniversalTranscodeErrors.cs
  - PlexAPI/Models/Requests/StartUniversalTranscodeResponseBody.cs
  - PlexAPI/Models/Requests/StartUniversalTranscodeResponse.cs
  - PlexAPI/Models/Requests/State.cs
  - PlexAPI/Models/Requests/GetTimelineRequest.cs
  - PlexAPI/Models/Requests/GetTimelineErrors.cs
  - PlexAPI/Models/Requests/GetTimelineResponseBody.cs
  - PlexAPI/Models/Requests/GetTimelineResponse.cs
  - PlexAPI/Models/Components/Security.cs
  - docs/Models/Requests/Errors.md
  - docs/Models/Requests/GetServerCapabilitiesServerResponseBody.md
  - docs/Models/Requests/Directory.md
  - docs/Models/Requests/MediaContainer.md
  - docs/Models/Requests/GetServerCapabilitiesResponseBody.md
  - docs/Models/Requests/GetServerCapabilitiesResponse.md
  - docs/Models/Requests/GetServerPreferencesErrors.md
  - docs/Models/Requests/GetServerPreferencesServerResponseBody.md
  - docs/Models/Requests/GetServerPreferencesMediaContainer.md
  - docs/Models/Requests/GetServerPreferencesResponseBody.md
  - docs/Models/Requests/GetServerPreferencesResponse.md
  - docs/Models/Requests/GetAvailableClientsErrors.md
  - docs/Models/Requests/GetAvailableClientsServerResponseBody.md
  - docs/Models/Requests/Server.md
  - docs/Models/Requests/GetAvailableClientsMediaContainer.md
  - docs/Models/Requests/GetAvailableClientsResponseBody.md
  - docs/Models/Requests/GetAvailableClientsResponse.md
  - docs/Models/Requests/GetDevicesErrors.md
  - docs/Models/Requests/GetDevicesServerResponseBody.md
  - docs/Models/Requests/Device.md
  - docs/Models/Requests/GetDevicesMediaContainer.md
  - docs/Models/Requests/GetDevicesResponseBody.md
  - docs/Models/Requests/GetDevicesResponse.md
  - docs/Models/Requests/GetServerIdentityErrors.md
  - docs/Models/Requests/GetServerIdentityServerResponseBody.md
  - docs/Models/Requests/GetServerIdentityMediaContainer.md
  - docs/Models/Requests/GetServerIdentityResponseBody.md
  - docs/Models/Requests/GetServerIdentityResponse.md
  - docs/Models/Requests/GetMyPlexAccountErrors.md
  - docs/Models/Requests/GetMyPlexAccountServerResponseBody.md
  - docs/Models/Requests/MyPlex.md
  - docs/Models/Requests/GetMyPlexAccountResponseBody.md
  - docs/Models/Requests/GetMyPlexAccountResponse.md
  - docs/Models/Requests/MinSize.md
  - docs/Models/Requests/Upscale.md
  - docs/Models/Requests/GetResizedPhotoRequest.md
  - docs/Models/Requests/GetResizedPhotoErrors.md
  - docs/Models/Requests/GetResizedPhotoResponseBody.md
  - docs/Models/Requests/GetResizedPhotoResponse.md
  - docs/Models/Requests/GetServerListErrors.md
  - docs/Models/Requests/GetServerListServerResponseBody.md
  - docs/Models/Requests/GetServerListServer.md
  - docs/Models/Requests/GetServerListMediaContainer.md
  - docs/Models/Requests/GetServerListResponseBody.md
  - docs/Models/Requests/GetServerListResponse.md
  - docs/Models/Requests/MarkPlayedRequest.md
  - docs/Models/Requests/MarkPlayedErrors.md
  - docs/Models/Requests/MarkPlayedResponseBody.md
  - docs/Models/Requests/MarkPlayedResponse.md
  - docs/Models/Requests/MarkUnplayedRequest.md
  - docs/Models/Requests/MarkUnplayedErrors.md
  - docs/Models/Requests/MarkUnplayedResponseBody.md
  - docs/Models/Requests/MarkUnplayedResponse.md
  - docs/Models/Requests/UpdatePlayProgressRequest.md
  - docs/Models/Requests/UpdatePlayProgressErrors.md
  - docs/Models/Requests/UpdatePlayProgressResponseBody.md
  - docs/Models/Requests/UpdatePlayProgressResponse.md
  - docs/Models/Requests/GetServerActivitiesErrors.md
  - docs/Models/Requests/GetServerActivitiesActivitiesResponseBody.md
  - docs/Models/Requests/Context.md
  - docs/Models/Requests/Activity.md
  - docs/Models/Requests/GetServerActivitiesMediaContainer.md
  - docs/Models/Requests/GetServerActivitiesResponseBody.md
  - docs/Models/Requests/GetServerActivitiesResponse.md
  - docs/Models/Requests/CancelServerActivitiesRequest.md
  - docs/Models/Requests/CancelServerActivitiesErrors.md
  - docs/Models/Requests/CancelServerActivitiesResponseBody.md
  - docs/Models/Requests/CancelServerActivitiesResponse.md
  - docs/Models/Requests/GetButlerTasksErrors.md
  - docs/Models/Requests/GetButlerTasksButlerResponseBody.md
  - docs/Models/Requests/ButlerTask.md
  - docs/Models/Requests/ButlerTasks.md
  - docs/Models/Requests/GetButlerTasksResponseBody.md
  - docs/Models/Requests/GetButlerTasksResponse.md
  - docs/Models/Requests/StartAllTasksErrors.md
  - docs/Models/Requests/StartAllTasksResponseBody.md
  - docs/Models/Requests/StartAllTasksResponse.md
  - docs/Models/Requests/StopAllTasksErrors.md
  - docs/Models/Requests/StopAllTasksResponseBody.md
  - docs/Models/Requests/StopAllTasksResponse.md
  - docs/Models/Requests/TaskName.md
  - docs/Models/Requests/StartTaskRequest.md
  - docs/Models/Requests/StartTaskErrors.md
  - docs/Models/Requests/StartTaskResponseBody.md
  - docs/Models/Requests/StartTaskResponse.md
  - docs/Models/Requests/PathParamTaskName.md
  - docs/Models/Requests/StopTaskRequest.md
  - docs/Models/Requests/StopTaskErrors.md
  - docs/Models/Requests/StopTaskResponseBody.md
  - docs/Models/Requests/StopTaskResponse.md
  - docs/Models/Requests/OnlyTransient.md
  - docs/Models/Requests/GetGlobalHubsRequest.md
  - docs/Models/Requests/GetGlobalHubsErrors.md
  - docs/Models/Requests/GetGlobalHubsHubsResponseBody.md
  - docs/Models/Requests/GetGlobalHubsMetadata.md
  - docs/Models/Requests/Hub.md
  - docs/Models/Requests/GetGlobalHubsMediaContainer.md
  - docs/Models/Requests/GetGlobalHubsResponseBody.md
  - docs/Models/Requests/GetGlobalHubsResponse.md
  - docs/Models/Requests/QueryParamOnlyTransient.md
  - docs/Models/Requests/GetLibraryHubsRequest.md
  - docs/Models/Requests/GetLibraryHubsErrors.md
  - docs/Models/Requests/GetLibraryHubsHubsResponseBody.md
  - docs/Models/Requests/GetLibraryHubsPart.md
  - docs/Models/Requests/GetLibraryHubsMedia.md
  - docs/Models/Requests/GetLibraryHubsGenre.md
  - docs/Models/Requests/GetLibraryHubsCountry.md
  - docs/Models/Requests/GetLibraryHubsDirector.md
  - docs/Models/Requests/GetLibraryHubsRole.md
  - docs/Models/Requests/GetLibraryHubsWriter.md
  - docs/Models/Requests/GetLibraryHubsMetadata.md
  - docs/Models/Requests/GetLibraryHubsHub.md
  - docs/Models/Requests/GetLibraryHubsMediaContainer.md
  - docs/Models/Requests/GetLibraryHubsResponseBody.md
  - docs/Models/Requests/GetLibraryHubsResponse.md
  - docs/Models/Requests/PerformSearchRequest.md
  - docs/Models/Requests/PerformSearchErrors.md
  - docs/Models/Requests/PerformSearchResponseBody.md
  - docs/Models/Requests/PerformSearchResponse.md
  - docs/Models/Requests/PerformVoiceSearchRequest.md
  - docs/Models/Requests/PerformVoiceSearchErrors.md
  - docs/Models/Requests/PerformVoiceSearchResponseBody.md
  - docs/Models/Requests/PerformVoiceSearchResponse.md
  - docs/Models/Requests/GetSearchResultsRequest.md
  - docs/Models/Requests/GetSearchResultsErrors.md
  - docs/Models/Requests/GetSearchResultsSearchResponseBody.md
  - docs/Models/Requests/GetSearchResultsPart.md
  - docs/Models/Requests/GetSearchResultsMedia.md
  - docs/Models/Requests/GetSearchResultsGenre.md
  - docs/Models/Requests/GetSearchResultsDirector.md
  - docs/Models/Requests/GetSearchResultsWriter.md
  - docs/Models/Requests/GetSearchResultsCountry.md
  - docs/Models/Requests/GetSearchResultsRole.md
  - docs/Models/Requests/GetSearchResultsMetadata.md
  - docs/Models/Requests/Provider.md
  - docs/Models/Requests/GetSearchResultsMediaContainer.md
  - docs/Models/Requests/GetSearchResultsResponseBody.md
  - docs/Models/Requests/GetSearchResultsResponse.md
  - docs/Models/Requests/GetFileHashRequest.md
  - docs/Models/Requests/GetFileHashErrors.md
  - docs/Models/Requests/GetFileHashResponseBody.md
  - docs/Models/Requests/GetFileHashResponse.md
  - docs/Models/Requests/GetRecentlyAddedErrors.md
  - docs/Models/Requests/GetRecentlyAddedLibraryResponseBody.md
  - docs/Models/Requests/Part.md
  - docs/Models/Requests/Media.md
  - docs/Models/Requests/Genre.md
  - docs/Models/Requests/Director.md
  - docs/Models/Requests/Writer.md
  - docs/Models/Requests/Country.md
  - docs/Models/Requests/Role.md
  - docs/Models/Requests/Metadata.md
  - docs/Models/Requests/GetRecentlyAddedMediaContainer.md
  - docs/Models/Requests/GetRecentlyAddedResponseBody.md
  - docs/Models/Requests/GetRecentlyAddedResponse.md
  - docs/Models/Requests/GetLibrariesErrors.md
  - docs/Models/Requests/GetLibrariesLibraryResponseBody.md
  - docs/Models/Requests/GetLibrariesLocation.md
  - docs/Models/Requests/GetLibrariesDirectory.md
  - docs/Models/Requests/GetLibrariesMediaContainer.md
  - docs/Models/Requests/GetLibrariesResponseBody.md
  - docs/Models/Requests/GetLibrariesResponse.md
  - docs/Models/Requests/IncludeDetails.md
  - docs/Models/Requests/GetLibraryRequest.md
  - docs/Models/Requests/GetLibraryErrors.md
  - docs/Models/Requests/GetLibraryLibraryResponseBody.md
  - docs/Models/Requests/GetLibraryDirectory.md
  - docs/Models/Requests/Filter.md
  - docs/Models/Requests/Sort.md
  - docs/Models/Requests/Field.md
  - docs/Models/Requests/GetLibraryType.md
  - docs/Models/Requests/Operator.md
  - docs/Models/Requests/FieldType.md
  - docs/Models/Requests/GetLibraryMediaContainer.md
  - docs/Models/Requests/GetLibraryResponseBody.md
  - docs/Models/Requests/GetLibraryResponse.md
  - docs/Models/Requests/DeleteLibraryRequest.md
  - docs/Models/Requests/DeleteLibraryErrors.md
  - docs/Models/Requests/DeleteLibraryResponseBody.md
  - docs/Models/Requests/DeleteLibraryResponse.md
  - docs/Models/Requests/Tag.md
  - docs/Models/Requests/GetLibraryItemsRequest.md
  - docs/Models/Requests/GetLibraryItemsPart.md
  - docs/Models/Requests/GetLibraryItemsMedia.md
  - docs/Models/Requests/GetLibraryItemsGenre.md
  - docs/Models/Requests/GetLibraryItemsCountry.md
  - docs/Models/Requests/GetLibraryItemsDirector.md
  - docs/Models/Requests/GetLibraryItemsWriter.md
  - docs/Models/Requests/GetLibraryItemsRole.md
  - docs/Models/Requests/GetLibraryItemsMetadata.md
  - docs/Models/Requests/GetLibraryItemsMediaContainer.md
  - docs/Models/Requests/GetLibraryItemsResponseBody.md
  - docs/Models/Requests/GetLibraryItemsResponse.md
  - docs/Models/Requests/RefreshLibraryRequest.md
  - docs/Models/Requests/RefreshLibraryErrors.md
  - docs/Models/Requests/RefreshLibraryResponseBody.md
  - docs/Models/Requests/RefreshLibraryResponse.md
  - docs/Models/Requests/Type.md
  - docs/Models/Requests/SearchLibraryRequest.md
  - docs/Models/Requests/SearchLibraryMetadata.md
  - docs/Models/Requests/SearchLibraryMediaContainer.md
  - docs/Models/Requests/SearchLibraryResponseBody.md
  - docs/Models/Requests/SearchLibraryResponse.md
  - docs/Models/Requests/GetMetadataRequest.md
  - docs/Models/Requests/GetMetadataErrors.md
  - docs/Models/Requests/GetMetadataLibraryResponseBody.md
  - docs/Models/Requests/Stream.md
  - docs/Models/Requests/GetMetadataPart.md
  - docs/Models/Requests/GetMetadataMedia.md
  - docs/Models/Requests/GetMetadataGenre.md
  - docs/Models/Requests/GetMetadataCountry.md
  - docs/Models/Requests/Guids.md
  - docs/Models/Requests/Ratings.md
  - docs/Models/Requests/GetMetadataDirector.md
  - docs/Models/Requests/GetMetadataWriter.md
  - docs/Models/Requests/GetMetadataRole.md
  - docs/Models/Requests/Producer.md
  - docs/Models/Requests/GetMetadataMetadata.md
  - docs/Models/Requests/GetMetadataMediaContainer.md
  - docs/Models/Requests/GetMetadataResponseBody.md
  - docs/Models/Requests/GetMetadataResponse.md
  - docs/Models/Requests/GetMetadataChildrenRequest.md
  - docs/Models/Requests/GetMetadataChildrenErrors.md
  - docs/Models/Requests/GetMetadataChildrenLibraryResponseBody.md
  - docs/Models/Requests/GetMetadataChildrenDirectory.md
  - docs/Models/Requests/GetMetadataChildrenMetadata.md
  - docs/Models/Requests/GetMetadataChildrenMediaContainer.md
  - docs/Models/Requests/GetMetadataChildrenResponseBody.md
  - docs/Models/Requests/GetMetadataChildrenResponse.md
  - docs/Models/Requests/GetOnDeckErrors.md
  - docs/Models/Requests/GetOnDeckLibraryResponseBody.md
  - docs/Models/Requests/GetOnDeckStream.md
  - docs/Models/Requests/GetOnDeckPart.md
  - docs/Models/Requests/GetOnDeckMedia.md
  - docs/Models/Requests/GetOnDeckGuids.md
  - docs/Models/Requests/GetOnDeckMetadata.md
  - docs/Models/Requests/GetOnDeckMediaContainer.md
  - docs/Models/Requests/GetOnDeckResponseBody.md
  - docs/Models/Requests/GetOnDeckResponse.md
  - docs/Models/Requests/Level.md
  - docs/Models/Requests/LogLineRequest.md
  - docs/Models/Requests/LogLineErrors.md
  - docs/Models/Requests/LogLineResponseBody.md
  - docs/Models/Requests/LogLineResponse.md
  - docs/Models/Requests/LogMultiLineErrors.md
  - docs/Models/Requests/LogMultiLineResponseBody.md
  - docs/Models/Requests/LogMultiLineResponse.md
  - docs/Models/Requests/EnablePaperTrailErrors.md
  - docs/Models/Requests/EnablePaperTrailResponseBody.md
  - docs/Models/Requests/EnablePaperTrailResponse.md
  - docs/Models/Requests/GetPinRequest.md
  - docs/Models/Requests/GetPinErrors.md
  - docs/Models/Requests/GetPinPlexTvResponseBody.md
  - docs/Models/Requests/Location.md
  - docs/Models/Requests/GetPinResponseBody.md
  - docs/Models/Requests/GetPinResponse.md
  - docs/Models/Requests/GetTokenRequest.md
  - docs/Models/Requests/GetTokenErrors.md
  - docs/Models/Requests/GetTokenResponseBody.md
  - docs/Models/Requests/GetTokenResponse.md
  - docs/Models/Requests/QueryParamType.md
  - docs/Models/Requests/Smart.md
  - docs/Models/Requests/CreatePlaylistRequest.md
  - docs/Models/Requests/CreatePlaylistErrors.md
  - docs/Models/Requests/CreatePlaylistPlaylistsResponseBody.md
  - docs/Models/Requests/CreatePlaylistMetadata.md
  - docs/Models/Requests/CreatePlaylistMediaContainer.md
  - docs/Models/Requests/CreatePlaylistResponseBody.md
  - docs/Models/Requests/CreatePlaylistResponse.md
  - docs/Models/Requests/PlaylistType.md
  - docs/Models/Requests/QueryParamSmart.md
  - docs/Models/Requests/GetPlaylistsRequest.md
  - docs/Models/Requests/GetPlaylistsErrors.md
  - docs/Models/Requests/GetPlaylistsPlaylistsResponseBody.md
  - docs/Models/Requests/GetPlaylistsMetadata.md
  - docs/Models/Requests/GetPlaylistsMediaContainer.md
  - docs/Models/Requests/GetPlaylistsResponseBody.md
  - docs/Models/Requests/GetPlaylistsResponse.md
  - docs/Models/Requests/GetPlaylistRequest.md
  - docs/Models/Requests/GetPlaylistErrors.md
  - docs/Models/Requests/GetPlaylistPlaylistsResponseBody.md
  - docs/Models/Requests/GetPlaylistMetadata.md
  - docs/Models/Requests/GetPlaylistMediaContainer.md
  - docs/Models/Requests/GetPlaylistResponseBody.md
  - docs/Models/Requests/GetPlaylistResponse.md
  - docs/Models/Requests/DeletePlaylistRequest.md
  - docs/Models/Requests/DeletePlaylistErrors.md
  - docs/Models/Requests/DeletePlaylistResponseBody.md
  - docs/Models/Requests/DeletePlaylistResponse.md
  - docs/Models/Requests/UpdatePlaylistRequest.md
  - docs/Models/Requests/UpdatePlaylistErrors.md
  - docs/Models/Requests/UpdatePlaylistResponseBody.md
  - docs/Models/Requests/UpdatePlaylistResponse.md
  - docs/Models/Requests/GetPlaylistContentsRequest.md
  - docs/Models/Requests/GetPlaylistContentsErrors.md
  - docs/Models/Requests/GetPlaylistContentsPlaylistsResponseBody.md
  - docs/Models/Requests/GetPlaylistContentsPart.md
  - docs/Models/Requests/GetPlaylistContentsMedia.md
  - docs/Models/Requests/GetPlaylistContentsGenre.md
  - docs/Models/Requests/GetPlaylistContentsCountry.md
  - docs/Models/Requests/GetPlaylistContentsDirector.md
  - docs/Models/Requests/GetPlaylistContentsWriter.md
  - docs/Models/Requests/GetPlaylistContentsRole.md
  - docs/Models/Requests/GetPlaylistContentsMetadata.md
  - docs/Models/Requests/GetPlaylistContentsMediaContainer.md
  - docs/Models/Requests/GetPlaylistContentsResponseBody.md
  - docs/Models/Requests/GetPlaylistContentsResponse.md
  - docs/Models/Requests/ClearPlaylistContentsRequest.md
  - docs/Models/Requests/ClearPlaylistContentsErrors.md
  - docs/Models/Requests/ClearPlaylistContentsResponseBody.md
  - docs/Models/Requests/ClearPlaylistContentsResponse.md
  - docs/Models/Requests/AddPlaylistContentsRequest.md
  - docs/Models/Requests/AddPlaylistContentsErrors.md
  - docs/Models/Requests/AddPlaylistContentsPlaylistsResponseBody.md
  - docs/Models/Requests/AddPlaylistContentsMetadata.md
  - docs/Models/Requests/AddPlaylistContentsMediaContainer.md
  - docs/Models/Requests/AddPlaylistContentsResponseBody.md
  - docs/Models/Requests/AddPlaylistContentsResponse.md
  - docs/Models/Requests/Force.md
  - docs/Models/Requests/UploadPlaylistRequest.md
  - docs/Models/Requests/UploadPlaylistErrors.md
  - docs/Models/Requests/UploadPlaylistResponseBody.md
  - docs/Models/Requests/UploadPlaylistResponse.md
  - docs/Models/Requests/GetTransientTokenQueryParamType.md
  - docs/Models/Requests/Scope.md
  - docs/Models/Requests/GetTransientTokenRequest.md
  - docs/Models/Requests/GetTransientTokenErrors.md
  - docs/Models/Requests/GetTransientTokenResponseBody.md
  - docs/Models/Requests/GetTransientTokenResponse.md
  - docs/Models/Requests/GetSourceConnectionInformationRequest.md
  - docs/Models/Requests/GetSourceConnectionInformationErrors.md
  - docs/Models/Requests/GetSourceConnectionInformationResponseBody.md
  - docs/Models/Requests/GetSourceConnectionInformationResponse.md
  - docs/Models/Requests/GetSessionsErrors.md
  - docs/Models/Requests/GetSessionsSessionsResponseBody.md
  - docs/Models/Requests/GetSessionsStream.md
  - docs/Models/Requests/GetSessionsPart.md
  - docs/Models/Requests/GetSessionsMedia.md
  - docs/Models/Requests/User.md
  - docs/Models/Requests/Player.md
  - docs/Models/Requests/Session.md
  - docs/Models/Requests/GetSessionsMetadata.md
  - docs/Models/Requests/GetSessionsMediaContainer.md
  - docs/Models/Requests/GetSessionsResponseBody.md
  - docs/Models/Requests/GetSessionsResponse.md
  - docs/Models/Requests/GetSessionHistoryErrors.md
  - docs/Models/Requests/GetSessionHistorySessionsResponseBody.md
  - docs/Models/Requests/GetSessionHistoryMetadata.md
  - docs/Models/Requests/GetSessionHistoryMediaContainer.md
  - docs/Models/Requests/GetSessionHistoryResponseBody.md
  - docs/Models/Requests/GetSessionHistoryResponse.md
  - docs/Models/Requests/GetTranscodeSessionsErrors.md
  - docs/Models/Requests/GetTranscodeSessionsSessionsResponseBody.md
  - docs/Models/Requests/TranscodeSession.md
  - docs/Models/Requests/GetTranscodeSessionsMediaContainer.md
  - docs/Models/Requests/GetTranscodeSessionsResponseBody.md
  - docs/Models/Requests/GetTranscodeSessionsResponse.md
  - docs/Models/Requests/StopTranscodeSessionRequest.md
  - docs/Models/Requests/StopTranscodeSessionErrors.md
  - docs/Models/Requests/StopTranscodeSessionResponseBody.md
  - docs/Models/Requests/StopTranscodeSessionResponse.md
  - docs/Models/Requests/GetUpdateStatusErrors.md
  - docs/Models/Requests/GetUpdateStatusUpdaterResponseBody.md
  - docs/Models/Requests/Release.md
  - docs/Models/Requests/GetUpdateStatusMediaContainer.md
  - docs/Models/Requests/GetUpdateStatusResponseBody.md
  - docs/Models/Requests/GetUpdateStatusResponse.md
  - docs/Models/Requests/Download.md
  - docs/Models/Requests/CheckForUpdatesRequest.md
  - docs/Models/Requests/CheckForUpdatesErrors.md
  - docs/Models/Requests/CheckForUpdatesResponseBody.md
  - docs/Models/Requests/CheckForUpdatesResponse.md
  - docs/Models/Requests/Tonight.md
  - docs/Models/Requests/Skip.md
  - docs/Models/Requests/ApplyUpdatesRequest.md
  - docs/Models/Requests/ApplyUpdatesErrors.md
  - docs/Models/Requests/ApplyUpdatesResponseBody.md
  - docs/Models/Requests/ApplyUpdatesResponse.md
  - docs/Models/Requests/StartUniversalTranscodeRequest.md
  - docs/Models/Requests/StartUniversalTranscodeErrors.md
  - docs/Models/Requests/StartUniversalTranscodeResponseBody.md
  - docs/Models/Requests/StartUniversalTranscodeResponse.md
  - docs/Models/Requests/State.md
  - docs/Models/Requests/GetTimelineRequest.md
  - docs/Models/Requests/GetTimelineErrors.md
  - docs/Models/Requests/GetTimelineResponseBody.md
  - docs/Models/Requests/GetTimelineResponse.md
  - docs/Models/Components/Security.md
  - docs/sdks/plexapi/README.md
  - docs/sdks/server/README.md
  - docs/sdks/media/README.md
  - docs/sdks/activities/README.md
  - docs/sdks/butler/README.md
  - docs/sdks/hubs/README.md
  - docs/sdks/search/README.md
  - docs/sdks/library/README.md
  - docs/sdks/log/README.md
  - docs/sdks/plex/README.md
  - docs/sdks/tv/README.md
  - docs/sdks/playlists/README.md
  - docs/sdks/security/README.md
  - docs/sdks/sessions/README.md
  - docs/sdks/updater/README.md
  - docs/sdks/video/README.md
  - USAGE.md
  - .gitattributes
