speakeasyVersion: 1.487.1
sources:
    my-source:
        sourceNamespace: my-source
        sourceRevisionDigest: sha256:674cfdd3e98489e023ae9a80ff8753f30d1b6f625d25bd11b9897875477a4392
        sourceBlobDigest: sha256:370cb4409748c4811372a81d94f1a84f60b538087c23f2cb24f72082bcc827f6
        tags:
            - latest
            - main
    plex-api:
        sourceNamespace: plex-api
        sourceRevisionDigest: sha256:289c5a73965c8fa779f32919d1353d0d275163982c0a0f5525ef4146c462a486
        sourceBlobDigest: sha256:f7e2709f52370dff16c1851a7a4e44a89f2e978e9cae335bffc10625950b3bd9
        tags:
            - latest
            - main
    plexapi:
        sourceNamespace: plexapi
        sourceRevisionDigest: sha256:0efb9039972533bf1190dfc1ffb377429a8e486b6299442e732f662c1ffbeca6
        sourceBlobDigest: sha256:038d73166cc9db17f514d511cfe4365ea032f4ebcb247fa86b7aa1bba0e1ab46
        tags:
            - latest
            - speakeasy-sdk-regen-1739146933
targets:
    plexcsharp:
        source: plexapi
        sourceNamespace: plexapi
        sourceRevisionDigest: sha256:0efb9039972533bf1190dfc1ffb377429a8e486b6299442e732f662c1ffbeca6
        sourceBlobDigest: sha256:038d73166cc9db17f514d511cfe4365ea032f4ebcb247fa86b7aa1bba0e1ab46
        codeSamplesNamespace: code-samples-csharp-plexcsharp
        codeSamplesRevisionDigest: sha256:73c2ef95b19f0498eb4d3f8f694f80fc8a44bd773663a44ffb66bcbcfa6d3f42
workflow:
    workflowVersion: 1.0.0
    speakeasyVersion: latest
    sources:
        plexapi:
            inputs:
                - location: registry.speakeasyapi.dev/plexapi/plexapi/plexapi:main
    targets:
        plexcsharp:
            target: csharp
            source: plexapi
            publish:
                nuget:
                    apiKey: $nuget_api_key
            codeSamples:
                output: codeSamples.yaml
                registry:
                    location: registry.speakeasyapi.dev/plexapi/plexapi/code-samples-csharp-plexcsharp
