speakeasyVersion: 1.391.3
sources:
    my-source:
        sourceNamespace: my-source
        sourceRevisionDigest: sha256:674cfdd3e98489e023ae9a80ff8753f30d1b6f625d25bd11b9897875477a4392
        sourceBlobDigest: sha256:370cb4409748c4811372a81d94f1a84f60b538087c23f2cb24f72082bcc827f6
        tags:
            - latest
            - main
targets:
    plexcsharp:
        source: my-source
        sourceNamespace: my-source
        sourceRevisionDigest: sha256:674cfdd3e98489e023ae9a80ff8753f30d1b6f625d25bd11b9897875477a4392
        sourceBlobDigest: sha256:370cb4409748c4811372a81d94f1a84f60b538087c23f2cb24f72082bcc827f6
        outLocation: /github/workspace/repo
workflow:
    workflowVersion: 1.0.0
    speakeasyVersion: latest
    sources:
        my-source:
            inputs:
                - location: https://raw.githubusercontent.com/LukeHagar/plex-api-spec/main/output/plex-media-server-spec-dereferenced.yaml
            registry:
                location: registry.speakeasyapi.dev/lukehagar/lukehagar/my-source
    targets:
        plexcsharp:
            target: csharp
            source: my-source
