speakeasyVersion: 1.321.0
sources:
    my-source:
        sourceNamespace: my-source
        sourceRevisionDigest: sha256:f9e2111241453dcdf0c358ee4cc67c2da25786065dfce0778c51e357cca85470
        sourceBlobDigest: sha256:5ebcd8b28a73ab3b3265a5e7a7c43136d2eeccb8fd62f2db4e7aacf3e3e3d2ce
        tags:
            - latest
            - main
targets:
    plexcsharp:
        source: my-source
        sourceNamespace: my-source
        sourceRevisionDigest: sha256:f9e2111241453dcdf0c358ee4cc67c2da25786065dfce0778c51e357cca85470
        sourceBlobDigest: sha256:5ebcd8b28a73ab3b3265a5e7a7c43136d2eeccb8fd62f2db4e7aacf3e3e3d2ce
        outLocation: /github/workspace/repo
workflow:
    workflowVersion: 1.0.0
    speakeasyVersion: latest
    sources:
        my-source:
            inputs:
                - location: https://raw.githubusercontent.com/LukeHagar/plex-api-spec/main/plex-media-server-spec-dereferenced.yaml
            registry:
                location: registry.speakeasyapi.dev/lukehagar/lukehagar/my-source
    targets:
        plexcsharp:
            target: csharp
            source: my-source
